
Microsoft Visual Studio Solution File, Format Version 12.00
Project("{FAE04EC0-301F-11D3-BF4B-00C04F79EFBC}") = "API", "API\API.csproj", "{0351423E-7B86-4E91-BE11-46DB30D00C39}"
EndProject
Global
	GlobalSection(SolutionConfigurationPlatforms) = preSolution
		Debug|Any CPU = Debug|Any CPU
		Release|Any CPU = Release|Any CPU
	EndGlobalSection
	GlobalSection(ProjectConfigurationPlatforms) = postSolution
		{0351423E-7B86-4E91-BE11-46DB30D00C39}.Debug|Any CPU.ActiveCfg = Debug|Any CPU
		{0351423E-7B86-4E91-BE11-46DB30D00C39}.Debug|Any CPU.Build.0 = Debug|Any CPU
		{0351423E-7B86-4E91-BE11-46DB30D00C39}.Release|Any CPU.ActiveCfg = Release|Any CPU
		{0351423E-7B86-4E91-BE11-46DB30D00C39}.Release|Any CPU.Build.0 = Release|Any CPU
	EndGlobalSection
EndGlobal
